
Microsoft Visual Studio Solution File, Format Version 12.00
# Visual Studio Version 17
VisualStudioVersion = 17.3.32901.215
MinimumVisualStudioVersion = 10.0.40219.1
Project("{FAE04EC0-301F-11D3-BF4B-00C04F79EFBC}") = "degisken-ornek1", "degisken-ornek1\degisken-ornek1.csproj", "{B9F668DF-7D9C-410C-AE41-9871C9DD2D1D}"
EndProject
Global
	GlobalSection(SolutionConfigurationPlatforms) = preSolution
		Debug|Any CPU = Debug|Any CPU
		Release|Any CPU = Release|Any CPU
	EndGlobalSection
	GlobalSection(ProjectConfigurationPlatforms) = postSolution
		{B9F668DF-7D9C-410C-AE41-9871C9DD2D1D}.Debug|Any CPU.ActiveCfg = Debug|Any CPU
		{B9F668DF-7D9C-410C-AE41-9871C9DD2D1D}.Debug|Any CPU.Build.0 = Debug|Any CPU
		{B9F668DF-7D9C-410C-AE41-9871C9DD2D1D}.Release|Any CPU.ActiveCfg = Release|Any CPU
		{B9F668DF-7D9C-410C-AE41-9871C9DD2D1D}.Release|Any CPU.Build.0 = Release|Any CPU
	EndGlobalSection
	GlobalSection(SolutionProperties) = preSolution
		HideSolutionNode = FALSE
	EndGlobalSection
	GlobalSection(ExtensibilityGlobals) = postSolution
		SolutionGuid = {C79F2CA6-B502-4E5B-8147-27A20DAF218C}
	EndGlobalSection
EndGlobal
